
Microsoft Visual Studio Solution File, Format Version 12.00
# Visual Studio Version 17
VisualStudioVersion = 17.5.33516.290
MinimumVisualStudioVersion = 10.0.40219.1
Project("{FAE04EC0-301F-11D3-BF4B-00C04F79EFBC}") = "Client", "Network\Client.csproj", "{CA83D4B1-A15E-4394-9872-F08A5CF7067C}"
EndProject
Project("{FAE04EC0-301F-11D3-BF4B-00C04F79EFBC}") = "Server", "Server\Server.csproj", "{0ADC8632-8480-46B5-8CA3-E009C750D4F1}"
EndProject
Global
	GlobalSection(SolutionConfigurationPlatforms) = preSolution
		Debug|Any CPU = Debug|Any CPU
		Release|Any CPU = Release|Any CPU
	EndGlobalSection
	GlobalSection(ProjectConfigurationPlatforms) = postSolution
		{CA83D4B1-A15E-4394-9872-F08A5CF7067C}.Debug|Any CPU.ActiveCfg = Debug|Any CPU
		{CA83D4B1-A15E-4394-9872-F08A5CF7067C}.Debug|Any CPU.Build.0 = Debug|Any CPU
		{CA83D4B1-A15E-4394-9872-F08A5CF7067C}.Release|Any CPU.ActiveCfg = Release|Any CPU
		{CA83D4B1-A15E-4394-9872-F08A5CF7067C}.Release|Any CPU.Build.0 = Release|Any CPU
		{0ADC8632-8480-46B5-8CA3-E009C750D4F1}.Debug|Any CPU.ActiveCfg = Debug|Any CPU
		{0ADC8632-8480-46B5-8CA3-E009C750D4F1}.Debug|Any CPU.Build.0 = Debug|Any CPU
		{0ADC8632-8480-46B5-8CA3-E009C750D4F1}.Release|Any CPU.ActiveCfg = Release|Any CPU
		{0ADC8632-8480-46B5-8CA3-E009C750D4F1}.Release|Any CPU.Build.0 = Release|Any CPU
	EndGlobalSection
	GlobalSection(SolutionProperties) = preSolution
		HideSolutionNode = FALSE
	EndGlobalSection
	GlobalSection(ExtensibilityGlobals) = postSolution
		SolutionGuid = {53E603BF-524F-4931-B22C-35BBAE57D0EA}
	EndGlobalSection
EndGlobal
